
Microsoft Visual Studio Solution File, Format Version 12.00
# Visual Studio Version 16
VisualStudioVersion = 16.0.30406.217
MinimumVisualStudioVersion = 10.0.40219.1
Project("{FAE04EC0-301F-11D3-BF4B-00C04F79EFBC}") = "YaleApplianceUITests", "YaleApplianceUITests\YaleApplianceUITests.csproj", "{7B25D8E3-4F82-42E6-8B26-1CF6BD417417}"
EndProject
Global
	GlobalSection(SolutionConfigurationPlatforms) = preSolution
		Debug|Any CPU = Debug|Any CPU
		Release|Any CPU = Release|Any CPU
	EndGlobalSection
	GlobalSection(ProjectConfigurationPlatforms) = postSolution
		{7B25D8E3-4F82-42E6-8B26-1CF6BD417417}.Debug|Any CPU.ActiveCfg = Debug|Any CPU
		{7B25D8E3-4F82-42E6-8B26-1CF6BD417417}.Debug|Any CPU.Build.0 = Debug|Any CPU
		{7B25D8E3-4F82-42E6-8B26-1CF6BD417417}.Release|Any CPU.ActiveCfg = Release|Any CPU
		{7B25D8E3-4F82-42E6-8B26-1CF6BD417417}.Release|Any CPU.Build.0 = Release|Any CPU
	EndGlobalSection
	GlobalSection(SolutionProperties) = preSolution
		HideSolutionNode = FALSE
	EndGlobalSection
	GlobalSection(ExtensibilityGlobals) = postSolution
		SolutionGuid = {5D64D2B6-6987-46A1-8CBA-0515382FD8B5}
	EndGlobalSection
EndGlobal
